
Microsoft Visual Studio Solution File, Format Version 12.00
# Visual Studio Version 17
VisualStudioVersion = 17.2.32519.379
MinimumVisualStudioVersion = 10.0.40219.1
Project("{9A19103F-16F7-4668-BE54-9A1E7A4F7556}") = "ComplexPuzzle", "src\ComplexPuzzle\ComplexPuzzle.csproj", "{DABC67CF-D35C-4AE9-83C0-5C85A38A3FD2}"
EndProject
Project("{9A19103F-16F7-4668-BE54-9A1E7A4F7556}") = "Notifier", "src\Notifier\Notifier.csproj", "{CEFD8EE6-4E47-45D7-92A8-B1ECDAEB41E1}"
EndProject
Project("{9A19103F-16F7-4668-BE54-9A1E7A4F7556}") = "SimplePuzzle", "src\SimplePuzzle\SimplePuzzle.csproj", "{A2D693EC-B973-4B0D-8D72-0ED5A9521C5A}"
EndProject
Global
	GlobalSection(SolutionConfigurationPlatforms) = preSolution
		Debug|Any CPU = Debug|Any CPU
		Release|Any CPU = Release|Any CPU
	EndGlobalSection
	GlobalSection(ProjectConfigurationPlatforms) = postSolution
		{DABC67CF-D35C-4AE9-83C0-5C85A38A3FD2}.Debug|Any CPU.ActiveCfg = Debug|Any CPU
		{DABC67CF-D35C-4AE9-83C0-5C85A38A3FD2}.Debug|Any CPU.Build.0 = Debug|Any CPU
		{DABC67CF-D35C-4AE9-83C0-5C85A38A3FD2}.Release|Any CPU.ActiveCfg = Release|Any CPU
		{DABC67CF-D35C-4AE9-83C0-5C85A38A3FD2}.Release|Any CPU.Build.0 = Release|Any CPU
		{CEFD8EE6-4E47-45D7-92A8-B1ECDAEB41E1}.Debug|Any CPU.ActiveCfg = Debug|Any CPU
		{CEFD8EE6-4E47-45D7-92A8-B1ECDAEB41E1}.Debug|Any CPU.Build.0 = Debug|Any CPU
		{CEFD8EE6-4E47-45D7-92A8-B1ECDAEB41E1}.Release|Any CPU.ActiveCfg = Release|Any CPU
		{CEFD8EE6-4E47-45D7-92A8-B1ECDAEB41E1}.Release|Any CPU.Build.0 = Release|Any CPU
		{A2D693EC-B973-4B0D-8D72-0ED5A9521C5A}.Debug|Any CPU.ActiveCfg = Debug|Any CPU
		{A2D693EC-B973-4B0D-8D72-0ED5A9521C5A}.Debug|Any CPU.Build.0 = Debug|Any CPU
		{A2D693EC-B973-4B0D-8D72-0ED5A9521C5A}.Release|Any CPU.ActiveCfg = Release|Any CPU
		{A2D693EC-B973-4B0D-8D72-0ED5A9521C5A}.Release|Any CPU.Build.0 = Release|Any CPU
	EndGlobalSection
	GlobalSection(SolutionProperties) = preSolution
		HideSolutionNode = FALSE
	EndGlobalSection
	GlobalSection(ExtensibilityGlobals) = postSolution
		SolutionGuid = {4E474EF5-1218-476D-B40D-B3182BFFC0C9}
	EndGlobalSection
EndGlobal
